
Microsoft Visual Studio Solution File, Format Version 12.00
# Visual Studio 15
VisualStudioVersion = 15.0.28307.1022
MinimumVisualStudioVersion = 10.0.40219.1
Project("{FAE04EC0-301F-11D3-BF4B-00C04F79EFBC}") = "GestionBDDApp", "GestionBDDApp.csproj", "{45C40093-B521-4969-AFA4-EFC7BDFAA839}"
EndProject
Global
	GlobalSection(SolutionConfigurationPlatforms) = preSolution
		Debug|Any CPU = Debug|Any CPU
		Release|Any CPU = Release|Any CPU
	EndGlobalSection
	GlobalSection(ProjectConfigurationPlatforms) = postSolution
		{45C40093-B521-4969-AFA4-EFC7BDFAA839}.Debug|Any CPU.ActiveCfg = Debug|Any CPU
		{45C40093-B521-4969-AFA4-EFC7BDFAA839}.Debug|Any CPU.Build.0 = Debug|Any CPU
		{45C40093-B521-4969-AFA4-EFC7BDFAA839}.Release|Any CPU.ActiveCfg = Release|Any CPU
		{45C40093-B521-4969-AFA4-EFC7BDFAA839}.Release|Any CPU.Build.0 = Release|Any CPU
	EndGlobalSection
	GlobalSection(SolutionProperties) = preSolution
		HideSolutionNode = FALSE
	EndGlobalSection
	GlobalSection(ExtensibilityGlobals) = postSolution
		SolutionGuid = {DF66748F-DD1D-436D-A45B-3CE9DCF8E8D0}
	EndGlobalSection
EndGlobal
